
Microsoft Visual Studio Solution File, Format Version 12.00
# Visual Studio Version 16
VisualStudioVersion = 16.0.31205.134
MinimumVisualStudioVersion = 10.0.40219.1
Project("{FAE04EC0-301F-11D3-BF4B-00C04F79EFBC}") = "MojPrviProjekat", "MojPrviProjekat\MojPrviProjekat.csproj", "{A22ED4F8-67E7-4556-A68F-D402CBD85915}"
EndProject
Global
	GlobalSection(SolutionConfigurationPlatforms) = preSolution
		Debug|Any CPU = Debug|Any CPU
		Release|Any CPU = Release|Any CPU
	EndGlobalSection
	GlobalSection(ProjectConfigurationPlatforms) = postSolution
		{A22ED4F8-67E7-4556-A68F-D402CBD85915}.Debug|Any CPU.ActiveCfg = Debug|Any CPU
		{A22ED4F8-67E7-4556-A68F-D402CBD85915}.Debug|Any CPU.Build.0 = Debug|Any CPU
		{A22ED4F8-67E7-4556-A68F-D402CBD85915}.Release|Any CPU.ActiveCfg = Release|Any CPU
		{A22ED4F8-67E7-4556-A68F-D402CBD85915}.Release|Any CPU.Build.0 = Release|Any CPU
	EndGlobalSection
	GlobalSection(SolutionProperties) = preSolution
		HideSolutionNode = FALSE
	EndGlobalSection
	GlobalSection(ExtensibilityGlobals) = postSolution
		SolutionGuid = {AB115C79-B49E-4D03-AFD2-7083610C5F32}
	EndGlobalSection
EndGlobal
